// !$*UTF8*$!
{
	archiveVersion = 1;
	classes = {
	};
	objectVersion = 50;
	objects = {

/* Begin PBXBuildFile section */
		A7EBF98B225542700030B4A4 /* AppDelegate.swift in Sources */ = {isa = PBXBuildFile; fileRef = A7EBF98A225542700030B4A4 /* AppDelegate.swift */; };
		A7EBF98D225542700030B4A4 /* ViewController.swift in Sources */ = {isa = PBXBuildFile; fileRef = A7EBF98C225542700030B4A4 /* ViewController.swift */; };
		A7EBF990225542700030B4A4 /* Main.storyboard in Resources */ = {isa = PBXBuildFile; fileRef = A7EBF98E225542700030B4A4 /* Main.storyboard */; };
		A7EBF992225542770030B4A4 /* Assets.xcassets in Resources */ = {isa = PBXBuildFile; fileRef = A7EBF991225542770030B4A4 /* Assets.xcassets */; };
		A7EBF995225542770030B4A4 /* LaunchScreen.storyboard in Resources */ = {isa = PBXBuildFile; fileRef = A7EBF993225542770030B4A4 /* LaunchScreen.storyboard */; };
		A7EBF9A0225542770030B4A4 /* tipsterTests.swift in Sources */ = {isa = PBXBuildFile; fileRef = A7EBF99F225542770030B4A4 /* tipsterTests.swift */; };
		A7EBF9AB225542770030B4A4 /* tipsterUITests.swift in Sources */ = {isa = PBXBuildFile; fileRef = A7EBF9AA225542770030B4A4 /* tipsterUITests.swift */; };
/* End PBXBuildFile section */

/* Begin PBXContainerItemProxy section */
		A7EBF99C225542770030B4A4 /* PBXContainerItemProxy */ = {
			isa = PBXContainerItemProxy;
			containerPortal = A7EBF97F225542700030B4A4 /* Project object */;
			proxyType = 1;
			remoteGlobalIDString = A7EBF986225542700030B4A4;
			remoteInfo = tipster;
		};
		A7EBF9A7225542770030B4A4 /* PBXContainerItemProxy */ = {
			isa = PBXContainerItemProxy;
			containerPortal = A7EBF97F225542700030B4A4 /* Project object */;
			proxyType = 1;
			remoteGlobalIDString = A7EBF986225542700030B4A4;
			remoteInfo = tipster;
		};
/* End PBXContainerItemProxy section */

/* Begin PBXFileReference section */
		A7EBF987225542700030B4A4 /* tipster.app */ = {isa = PBXFileReference; explicitFileType = wrapper.application; includeInIndex = 0; path = tipster.app; sourceTree = BUILT_PRODUCTS_DIR; };
		A7EBF98A225542700030B4A4 /* AppDelegate.swift */ = {isa = PBXFileReference; lastKnownFileType = sourcecode.swift; path = AppDelegate.swift; sourceTree = "<group>"; };
		A7EBF98C225542700030B4A4 /* ViewController.swift */ = {isa = PBXFileReference; lastKnownFileType = sourcecode.swift; path = ViewController.swift; sourceTree = "<group>"; };
		A7EBF98F225542700030B4A4 /* Base */ = {isa = PBXFileReference; lastKnownFileType = file.storyboard; name = Base; path = Base.lproj/Main.storyboard; sourceTree = "<group>"; };
		A7EBF991225542770030B4A4 /* Assets.xcassets */ = {isa = PBXFileReference; lastKnownFileType = folder.assetcatalog; path = Assets.xcassets; sourceTree = "<group>"; };
		A7EBF994225542770030B4A4 /* Base */ = {isa = PBXFileReference; lastKnownFileType = file.storyboard; name = Base; path = Base.lproj/LaunchScreen.storyboard; sourceTree = "<group>"; };
		A7EBF996225542770030B4A4 /* Info.plist */ = {isa = PBXFileReference; lastKnownFileType = text.plist.xml; path = Info.plist; sourceTree = "<group>"; };
		A7EBF99B225542770030B4A4 /* tipsterTests.xctest */ = {isa = PBXFileReference; explicitFileType = wrapper.cfbundle; includeInIndex = 0; path = tipsterTests.xctest; sourceTree = BUILT_PRODUCTS_DIR; };
		A7EBF99F225542770030B4A4 /* tipsterTests.swift */ = {isa = PBXFileReference; lastKnownFileType = sourcecode.swift; path = tipsterTests.swift; sourceTree = "<group>"; };
		A7EBF9A1225542770030B4A4 /* Info.plist */ = {isa = PBXFileReference; lastKnownFileType = text.plist.xml; path = Info.plist; sourceTree = "<group>"; };
		A7EBF9A6225542770030B4A4 /* tipsterUITests.xctest */ = {isa = PBXFileReference; explicitFileType = wrapper.cfbundle; includeInIndex = 0; path = tipsterUITests.xctest; sourceTree = BUILT_PRODUCTS_DIR; };
		A7EBF9AA225542770030B4A4 /* tipsterUITests.swift */ = {isa = PBXFileReference; lastKnownFileType = sourcecode.swift; path = tipsterUITests.swift; sourceTree = "<group>"; };
		A7EBF9AC225542770030B4A4 /* Info.plist */ = {isa = PBXFileReference; lastKnownFileType = text.plist.xml; path = Info.plist; sourceTree = "<group>"; };
/* End PBXFileReference section */

/* Begin PBXFrameworksBuildPhase section */
		A7EBF984225542700030B4A4 /* Frameworks */ = {
			isa = PBXFrameworksBuildPhase;
			buildActionMask = 2147483647;
			files = (
			);
			runOnlyForDeploymentPostprocessing = 0;
		};
		A7EBF998225542770030B4A4 /* Frameworks */ = {
			isa = PBXFrameworksBuildPhase;
			buildActionMask = 2147483647;
			files = (
			);
			runOnlyForDeploymentPostprocessing = 0;
		};
		A7EBF9A3225542770030B4A4 /* Frameworks */ = {
			isa = PBXFrameworksBuildPhase;
			buildActionMask = 2147483647;
			files = (
			);
			runOnlyForDeploymentPostprocessing = 0;
		};
/* End PBXFrameworksBuildPhase section */

/* Begin PBXGroup section */
		A7EBF97E225542700030B4A4 = {
			isa = PBXGroup;
			children = (
				A7EBF989225542700030B4A4 /* tipster */,
				A7EBF99E225542770030B4A4 /* tipsterTests */,
				A7EBF9A9225542770030B4A4 /* tipsterUITests */,
				A7EBF988225542700030B4A4 /* Products */,
			);
			sourceTree = "<group>";
		};
		A7EBF988225542700030B4A4 /* Products */ = {
			isa = PBXGroup;
			children = (
				A7EBF987225542700030B4A4 /* tipster.app */,
				A7EBF99B225542770030B4A4 /* tipsterTests.xctest */,
				A7EBF9A6225542770030B4A4 /* tipsterUITests.xctest */,
			);
			name = Products;
			sourceTree = "<group>";
		};
		A7EBF989225542700030B4A4 /* tipster */ = {
			isa = PBXGroup;
			children = (
				A7EBF98A225542700030B4A4 /* AppDelegate.swift */,
				A7EBF98C225542700030B4A4 /* ViewController.swift */,
				A7EBF98E225542700030B4A4 /* Main.storyboard */,
				A7EBF991225542770030B4A4 /* Assets.xcassets */,
				A7EBF993225542770030B4A4 /* LaunchScreen.storyboard */,
				A7EBF996225542770030B4A4 /* Info.plist */,
			);
			path = tipster;
			sourceTree = "<group>";
		};
		A7EBF99E225542770030B4A4 /* tipsterTests */ = {
			isa = PBXGroup;
			children = (
				A7EBF99F225542770030B4A4 /* tipsterTests.swift */,
				A7EBF9A1225542770030B4A4 /* Info.plist */,
			);
			path = tipsterTests;
			sourceTree = "<group>";
		};
		A7EBF9A9225542770030B4A4 /* tipsterUITests */ = {
			isa = PBXGroup;
			children = (
				A7EBF9AA225542770030B4A4 /* tipsterUITests.swift */,
				A7EBF9AC225542770030B4A4 /* Info.plist */,
			);
			path = tipsterUITests;
			sourceTree = "<group>";
		};
/* End PBXGroup section */

/* Begin PBXNativeTarget section */
		A7EBF986225542700030B4A4 /* tipster */ = {
			isa = PBXNativeTarget;
			buildConfigurationList = A7EBF9AF225542770030B4A4 /* Build configuration list for PBXNativeTarget "tipster" */;
			buildPhases = (
				A7EBF983225542700030B4A4 /* Sources */,
				A7EBF984225542700030B4A4 /* Frameworks */,
				A7EBF985225542700030B4A4 /* Resources */,
			);
			buildRules = (
			);
			dependencies = (
			);
			name = tipster;
			productName = tipster;
			productReference = A7EBF987225542700030B4A4 /* tipster.app */;
			productType = "com.apple.product-type.application";
		};
		A7EBF99A225542770030B4A4 /* tipsterTests */ = {
			isa = PBXNativeTarget;
			buildConfigurationList = A7EBF9B2225542770030B4A4 /* Build configuration list for PBXNativeTarget "tipsterTests" */;
			buildPhases = (
				A7EBF997225542770030B4A4 /* Sources */,
				A7EBF998225542770030B4A4 /* Frameworks */,
				A7EBF999225542770030B4A4 /* Resources */,
			);
			buildRules = (
			);
			dependencies = (
				A7EBF99D225542770030B4A4 /* PBXTargetDependency */,
			);
			name = tipsterTests;
			productName = tipsterTests;
			productReference = A7EBF99B225542770030B4A4 /* tipsterTests.xctest */;
			productType = "com.apple.product-type.bundle.unit-test";
		};
		A7EBF9A5225542770030B4A4 /* tipsterUITests */ = {
			isa = PBXNativeTarget;
			buildConfigurationList = A7EBF9B5225542770030B4A4 /* Build configuration list for PBXNativeTarget "tipsterUITests" */;
			buildPhases = (
				A7EBF9A2225542770030B4A4 /* Sources */,
				A7EBF9A3225542770030B4A4 /* Frameworks */,
				A7EBF9A4225542770030B4A4 /* Resources */,
			);
			buildRules = (
			);
			dependencies = (
				A7EBF9A8225542770030B4A4 /* PBXTargetDependency */,
			);
			name = tipsterUITests;
			productName = tipsterUITests;
			productReference = A7EBF9A6225542770030B4A4 /* tipsterUITests.xctest */;
			productType = "com.apple.product-type.bundle.ui-testing";
		};
/* End PBXNativeTarget section */

/* Begin PBXProject section */
		A7EBF97F225542700030B4A4 /* Project object */ = {
			isa = PBXProject;
			attributes = {
				LastSwiftUpdateCheck = 1010;
				LastUpgradeCheck = 1010;
				ORGANIZATIONNAME = "Erin Averill";
				TargetAttributes = {
					A7EBF986225542700030B4A4 = {
						CreatedOnToolsVersion = 10.1;
					};
					A7EBF99A225542770030B4A4 = {
						CreatedOnToolsVersion = 10.1;
						TestTargetID = A7EBF986225542700030B4A4;
					};
					A7EBF9A5225542770030B4A4 = {
						CreatedOnToolsVersion = 10.1;
						TestTargetID = A7EBF986225542700030B4A4;
					};
				};
			};
			buildConfigurationList = A7EBF982225542700030B4A4 /* Build configuration list for PBXProject "tipster" */;
			compatibilityVersion = "Xcode 9.3";
			developmentRegion = en;
			hasScannedForEncodings = 0;
			knownRegions = (
				en,
				Base,
			);
			mainGroup = A7EBF97E225542700030B4A4;
			productRefGroup = A7EBF988225542700030B4A4 /* Products */;
			projectDirPath = "";
			projectRoot = "";
			targets = (
				A7EBF986225542700030B4A4 /* tipster */,
				A7EBF99A225542770030B4A4 /* tipsterTests */,
				A7EBF9A5225542770030B4A4 /* tipsterUITests */,
			);
		};
/* End PBXProject section */

/* Begin PBXResourcesBuildPhase section */
		A7EBF985225542700030B4A4 /* Resources */ = {
			isa = PBXResourcesBuildPhase;
			buildActionMask = 2147483647;
			files = (
				A7EBF995225542770030B4A4 /* LaunchScreen.storyboard in Resources */,
				A7EBF992225542770030B4A4 /* Assets.xcassets in Resources */,
				A7EBF990225542700030B4A4 /* Main.storyboard in Resources */,
			);
			runOnlyForDeploymentPostprocessing = 0;
		};
		A7EBF999225542770030B4A4 /* Resources */ = {
			isa = PBXResourcesBuildPhase;
			buildActionMask = 2147483647;
			files = (
			);
			runOnlyForDeploymentPostprocessing = 0;
		};
		A7EBF9A4225542770030B4A4 /* Resources */ = {
			isa = PBXResourcesBuildPhase;
			buildActionMask = 2147483647;
			files = (
			);
			runOnlyForDeploymentPostprocessing = 0;
		};
/* End PBXResourcesBuildPhase section */

/* Begin PBXSourcesBuildPhase section */
		A7EBF983225542700030B4A4 /* Sources */ = {
			isa = PBXSourcesBuildPhase;
			buildActionMask = 2147483647;
			files = (
				A7EBF98D225542700030B4A4 /* ViewController.swift in Sources */,
				A7EBF98B225542700030B4A4 /* AppDelegate.swift in Sources */,
			);
			runOnlyForDeploymentPostprocessing = 0;
		};
		A7EBF997225542770030B4A4 /* Sources */ = {
			isa = PBXSourcesBuildPhase;
			buildActionMask = 2147483647;
			files = (
				A7EBF9A0225542770030B4A4 /* tipsterTests.swift in Sources */,
			);
			runOnlyForDeploymentPostprocessing = 0;
		};
		A7EBF9A2225542770030B4A4 /* Sources */ = {
			isa = PBXSourcesBuildPhase;
			buildActionMask = 2147483647;
			files = (
				A7EBF9AB225542770030B4A4 /* tipsterUITests.swift in Sources */,
			);
			runOnlyForDeploymentPostprocessing = 0;
		};
/* End PBXSourcesBuildPhase section */

/* Begin PBXTargetDependency section */
		A7EBF99D225542770030B4A4 /* PBXTargetDependency */ = {
			isa = PBXTargetDependency;
			target = A7EBF986225542700030B4A4 /* tipster */;
			targetProxy = A7EBF99C225542770030B4A4 /* PBXContainerItemProxy */;
		};
		A7EBF9A8225542770030B4A4 /* PBXTargetDependency */ = {
			isa = PBXTargetDependency;
			target = A7EBF986225542700030B4A4 /* tipster */;
			targetProxy = A7EBF9A7225542770030B4A4 /* PBXContainerItemProxy */;
		};
/* End PBXTargetDependency section */

/* Begin PBXVariantGroup section */
		A7EBF98E225542700030B4A4 /* Main.storyboard */ = {
			isa = PBXVariantGroup;
			children = (
				A7EBF98F225542700030B4A4 /* Base */,
			);
			name = Main.storyboard;
			sourceTree = "<group>";
		};
		A7EBF993225542770030B4A4 /* LaunchScreen.storyboard */ = {
			isa = PBXVariantGroup;
			children = (
				A7EBF994225542770030B4A4 /* Base */,
			);
			name = LaunchScreen.storyboard;
			sourceTree = "<group>";
		};
/* End PBXVariantGroup section */

/* Begin XCBuildConfiguration section */
		A7EBF9AD225542770030B4A4 /* Debug */ = {
			isa = XCBuildConfiguration;
			buildSettings = {
				ALWAYS_SEARCH_USER_PATHS = NO;
				CLANG_ANALYZER_NONNULL = YES;
				CLANG_ANALYZER_NUMBER_OBJECT_CONVERSION = YES_AGGRESSIVE;
				CLANG_CXX_LANGUAGE_STANDARD = "gnu++14";
				CLANG_CXX_LIBRARY = "libc++";
				CLANG_ENABLE_MODULES = YES;
				CLANG_ENABLE_OBJC_ARC = YES;
				CLANG_ENABLE_OBJC_WEAK = YES;
				CLANG_WARN_BLOCK_CAPTURE_AUTORELEASING = YES;
				CLANG_WARN_BOOL_CONVERSION = YES;
				CLANG_WARN_COMMA = YES;
				CLANG_WARN_CONSTANT_CONVERSION = YES;
				CLANG_WARN_DEPRECATED_OBJC_IMPLEMENTATIONS = YES;
				CLANG_WARN_DIRECT_OBJC_ISA_USAGE = YES_ERROR;
				CLANG_WARN_DOCUMENTATION_COMMENTS = YES;
				CLANG_WARN_EMPTY_BODY = YES;
				CLANG_WARN_ENUM_CONVERSION = YES;
				CLANG_WARN_INFINITE_RECURSION = YES;
				CLANG_WARN_INT_CONVERSION = YES;
				CLANG_WARN_NON_LITERAL_NULL_CONVERSION = YES;
				CLANG_WARN_OBJC_IMPLICIT_RETAIN_SELF = YES;
				CLANG_WARN_OBJC_LITERAL_CONVERSION = YES;
				CLANG_WARN_OBJC_ROOT_CLASS = YES_ERROR;
				CLANG_WARN_RANGE_LOOP_ANALYSIS = YES;
				CLANG_WARN_STRICT_PROTOTYPES = YES;
				CLANG_WARN_SUSPICIOUS_MOVE = YES;
				CLANG_WARN_UNGUARDED_AVAILABILITY = YES_AGGRESSIVE;
				CLANG_WARN_UNREACHABLE_CODE = YES;
				CLANG_WARN__DUPLICATE_METHOD_MATCH = YES;
				CODE_SIGN_IDENTITY = "iPhone Developer";
				COPY_PHASE_STRIP = NO;
				DEBUG_INFORMATION_FORMAT = dwarf;
				ENABLE_STRICT_OBJC_MSGSEND = YES;
				ENABLE_TESTABILITY = YES;
				GCC_C_LANGUAGE_STANDARD = gnu11;
				GCC_DYNAMIC_NO_PIC = NO;
				GCC_NO_COMMON_BLOCKS = YES;
				GCC_OPTIMIZATION_LEVEL = 0;
				GCC_PREPROCESSOR_DEFINITIONS = (
					"DEBUG=1",
					"$(inherited)",
				);
				GCC_WARN_64_TO_32_BIT_CONVERSION = YES;
				GCC_WARN_ABOUT_RETURN_TYPE = YES_ERROR;
				GCC_WARN_UNDECLARED_SELECTOR = YES;
				GCC_WARN_UNINITIALIZED_AUTOS = YES_AGGRESSIVE;
				GCC_WARN_UNUSED_FUNCTION = YES;
				GCC_WARN_UNUSED_VARIABLE = YES;
				IPHONEOS_DEPLOYMENT_TARGET = 12.1;
				MTL_ENABLE_DEBUG_INFO = INCLUDE_SOURCE;
				MTL_FAST_MATH = YES;
				ONLY_ACTIVE_ARCH = YES;
				SDKROOT = iphoneos;
				SWIFT_ACTIVE_COMPILATION_CONDITIONS = DEBUG;
				SWIFT_OPTIMIZATION_LEVEL = "-Onone";
			};
			name = Debug;
		};
		A7EBF9AE225542770030B4A4 /* Release */ = {
			isa = XCBuildConfiguration;
			buildSettings = {
				ALWAYS_SEARCH_USER_PATHS = NO;
				CLANG_ANALYZER_NONNULL = YES;
				CLANG_ANALYZER_NUMBER_OBJECT_CONVERSION = YES_AGGRESSIVE;
				CLANG_CXX_LANGUAGE_STANDARD = "gnu++14";
				CLANG_CXX_LIBRARY = "libc++";
				CLANG_ENABLE_MODULES = YES;
				CLANG_ENABLE_OBJC_ARC = YES;
				CLANG_ENABLE_OBJC_WEAK = YES;
				CLANG_WARN_BLOCK_CAPTURE_AUTORELEASING = YES;
				CLANG_WARN_BOOL_CONVERSION = YES;
				CLANG_WARN_COMMA = YES;
				CLANG_WARN_CONSTANT_CONVERSION = YES;
				CLANG_WARN_DEPRECATED_OBJC_IMPLEMENTATIONS = YES;
				CLANG_WARN_DIRECT_OBJC_ISA_USAGE = YES_ERROR;
				CLANG_WARN_DOCUMENTATION_COMMENTS = YES;
				CLANG_WARN_EMPTY_BODY = YES;
				CLANG_WARN_ENUM_CONVERSION = YES;
				CLANG_WARN_INFINITE_RECURSION = YES;
				CLANG_WARN_INT_CONVERSION = YES;
				CLANG_WARN_NON_LITERAL_NULL_CONVERSION = YES;
				CLANG_WARN_OBJC_IMPLICIT_RETAIN_SELF = YES;
				CLANG_WARN_OBJC_LITERAL_CONVERSION = YES;
				CLANG_WARN_OBJC_ROOT_CLASS = YES_ERROR;
				CLANG_WARN_RANGE_LOOP_ANALYSIS = YES;
				CLANG_WARN_STRICT_PROTOTYPES = YES;
				CLANG_WARN_SUSPICIOUS_MOVE = YES;
				CLANG_WARN_UNGUARDED_AVAILABILITY = YES_AGGRESSIVE;
				CLANG_WARN_UNREACHABLE_CODE = YES;
				CLANG_WARN__DUPLICATE_METHOD_MATCH = YES;
				CODE_SIGN_IDENTITY = "iPhone Developer";
				COPY_PHASE_STRIP = NO;
				DEBUG_INFORMATION_FORMAT = "dwarf-with-dsym";
				ENABLE_NS_ASSERTIONS = NO;
				ENABLE_STRICT_OBJC_MSGSEND = YES;
				GCC_C_LANGUAGE_STANDARD = gnu11;
				GCC_NO_COMMON_BLOCKS = YES;
				GCC_WARN_64_TO_32_BIT_CONVERSION = YES;
				GCC_WARN_ABOUT_RETURN_TYPE = YES_ERROR;
				GCC_WARN_UNDECLARED_SELECTOR = YES;
				GCC_WARN_UNINITIALIZED_AUTOS = YES_AGGRESSIVE;
				GCC_WARN_UNUSED_FUNCTION = YES;
				GCC_WARN_UNUSED_VARIABLE = YES;
				IPHONEOS_DEPLOYMENT_TARGET = 12.1;
				MTL_ENABLE_DEBUG_INFO = NO;
				MTL_FAST_MATH = YES;
				SDKROOT = iphoneos;
				SWIFT_COMPILATION_MODE = wholemodule;
				SWIFT_OPTIMIZATION_LEVEL = "-O";
				VALIDATE_PRODUCT = YES;
			};
			name = Release;
		};
		A7EBF9B0225542770030B4A4 /* Debug */ = {
			isa = XCBuildConfiguration;
			buildSettings = {
				ASSETCATALOG_COMPILER_APPICON_NAME = AppIcon;
				CODE_SIGN_STYLE = Automatic;
				INFOPLIST_FILE = tipster/Info.plist;
				LD_RUNPATH_SEARCH_PATHS = (
					"$(inherited)",
					"@executable_path/Frameworks",
				);
				PRODUCT_BUNDLE_IDENTIFIER = eaverill.tipster;
				PRODUCT_NAME = "$(TARGET_NAME)";
				SWIFT_VERSION = 4.2;
				TARGETED_DEVICE_FAMILY = "1,2";
			};
			name = Debug;
		};
		A7EBF9B1225542770030B4A4 /* Release */ = {
			isa = XCBuildConfiguration;
			buildSettings = {
				ASSETCATALOG_COMPILER_APPICON_NAME = AppIcon;
				CODE_SIGN_STYLE = Automatic;
				INFOPLIST_FILE = tipster/Info.plist;
				LD_RUNPATH_SEARCH_PATHS = (
					"$(inherited)",
					"@executable_path/Frameworks",
				);
				PRODUCT_BUNDLE_IDENTIFIER = eaverill.tipster;
				PRODUCT_NAME = "$(TARGET_NAME)";
				SWIFT_VERSION = 4.2;
				TARGETED_DEVICE_FAMILY = "1,2";
			};
			name = Release;
		};
		A7EBF9B3225542770030B4A4 /* Debug */ = {
			isa = XCBuildConfiguration;
			buildSettings = {
				ALWAYS_EMBED_SWIFT_STANDARD_LIBRARIES = YES;
				BUNDLE_LOADER = "$(TEST_HOST)";
				CODE_SIGN_STYLE = Automatic;
				INFOPLIST_FILE = tipsterTests/Info.plist;
				LD_RUNPATH_SEARCH_PATHS = (
					"$(inherited)",
					"@executable_path/Frameworks",
					"@loader_path/Frameworks",
				);
				PRODUCT_BUNDLE_IDENTIFIER = eaverill.tipsterTests;
				PRODUCT_NAME = "$(TARGET_NAME)";
				SWIFT_VERSION = 4.2;
				TARGETED_DEVICE_FAMILY = "1,2";
				TEST_HOST = "$(BUILT_PRODUCTS_DIR)/tipster.app/tipster";
			};
			name = Debug;
		};
		A7EBF9B4225542770030B4A4 /* Release */ = {
			isa = XCBuildConfiguration;
			buildSettings = {
				ALWAYS_EMBED_SWIFT_STANDARD_LIBRARIES = YES;
				BUNDLE_LOADER = "$(TEST_HOST)";
				CODE_SIGN_STYLE = Automatic;
				INFOPLIST_FILE = tipsterTests/Info.plist;
				LD_RUNPATH_SEARCH_PATHS = (
					"$(inherited)",
					"@executable_path/Frameworks",
					"@loader_path/Frameworks",
				);
				PRODUCT_BUNDLE_IDENTIFIER = eaverill.tipsterTests;
				PRODUCT_NAME = "$(TARGET_NAME)";
				SWIFT_VERSION = 4.2;
				TARGETED_DEVICE_FAMILY = "1,2";
				TEST_HOST = "$(BUILT_PRODUCTS_DIR)/tipster.app/tipster";
			};
			name = Release;
		};
		A7EBF9B6225542770030B4A4 /* Debug */ = {
			isa = XCBuildConfiguration;
			buildSettings = {
				ALWAYS_EMBED_SWIFT_STANDARD_LIBRARIES = YES;
				CODE_SIGN_STYLE = Automatic;
				INFOPLIST_FILE = tipsterUITests/Info.plist;
				LD_RUNPATH_SEARCH_PATHS = (
					"$(inherited)",
					"@executable_path/Frameworks",
					"@loader_path/Frameworks",
				);
				PRODUCT_BUNDLE_IDENTIFIER = eaverill.tipsterUITests;
				PRODUCT_NAME = "$(TARGET_NAME)";
				SWIFT_VERSION = 4.2;
				TARGETED_DEVICE_FAMILY = "1,2";
				TEST_TARGET_NAME = tipster;
			};
			name = Debug;
		};
		A7EBF9B7225542770030B4A4 /* Release */ = {
			isa = XCBuildConfiguration;
			buildSettings = {
				ALWAYS_EMBED_SWIFT_STANDARD_LIBRARIES = YES;
				CODE_SIGN_STYLE = Automatic;
				INFOPLIST_FILE = tipsterUITests/Info.plist;
				LD_RUNPATH_SEARCH_PATHS = (
					"$(inherited)",
					"@executable_path/Frameworks",
					"@loader_path/Frameworks",
				);
				PRODUCT_BUNDLE_IDENTIFIER = eaverill.tipsterUITests;
				PRODUCT_NAME = "$(TARGET_NAME)";
				SWIFT_VERSION = 4.2;
				TARGETED_DEVICE_FAMILY = "1,2";
				TEST_TARGET_NAME = tipster;
			};
			name = Release;
		};
/* End XCBuildConfiguration section */

/* Begin XCConfigurationList section */
		A7EBF982225542700030B4A4 /* Build configuration list for PBXProject "tipster" */ = {
			isa = XCConfigurationList;
			buildConfigurations = (
				A7EBF9AD225542770030B4A4 /* Debug */,
				A7EBF9AE225542770030B4A4 /* Release */,
			);
			defaultConfigurationIsVisible = 0;
			defaultConfigurationName = Release;
		};
		A7EBF9AF225542770030B4A4 /* Build configuration list for PBXNativeTarget "tipster" */ = {
			isa = XCConfigurationList;
			buildConfigurations = (
				A7EBF9B0225542770030B4A4 /* Debug */,
				A7EBF9B1225542770030B4A4 /* Release */,
			);
			defaultConfigurationIsVisible = 0;
			defaultConfigurationName = Release;
		};
		A7EBF9B2225542770030B4A4 /* Build configuration list for PBXNativeTarget "tipsterTests" */ = {
			isa = XCConfigurationList;
			buildConfigurations = (
				A7EBF9B3225542770030B4A4 /* Debug */,
				A7EBF9B4225542770030B4A4 /* Release */,
			);
			defaultConfigurationIsVisible = 0;
			defaultConfigurationName = Release;
		};
		A7EBF9B5225542770030B4A4 /* Build configuration list for PBXNativeTarget "tipsterUITests" */ = {
			isa = XCConfigurationList;
			buildConfigurations = (
				A7EBF9B6225542770030B4A4 /* Debug */,
				A7EBF9B7225542770030B4A4 /* Release */,
			);
			defaultConfigurationIsVisible = 0;
			defaultConfigurationName = Release;
		};
/* End XCConfigurationList section */
	};
	rootObject = A7EBF97F225542700030B4A4 /* Project object */;
}
